<?xml version="1.0" encoding="utf-8"?>
<Project ToolsVersion="4.0" xmlns="http://schemas.microsoft.com/developer/msbuild/2003">
  <ItemGroup>
    <ClInclude Include="..\..\classic_di\include\classic_di\DIContainer.hpp" />
    <ClInclude Include="..\..\classic_di\include\classic_di\DIContainerBuilder.hpp" />
    <ClInclude Include="..\..\classic_di\include\classic_di\GlobalDI.hpp" />
  </ItemGroup>
  <ItemGroup>
    <None Include="ClassDiagram.cd" />
  </ItemGroup>
  <ItemGroup>
    <ClCompile Include="..\..\exe\src\main.cpp" />
  </ItemGroup>
</Project>